
Microsoft Visual Studio Solution File, Format Version 12.00
# Visual Studio Version 17
VisualStudioVersion = 17.5.33502.453
MinimumVisualStudioVersion = 10.0.40219.1
Project("{FAE04EC0-301F-11D3-BF4B-00C04F79EFBC}") = "ja-learner", "ja-learner.csproj", "{D52E34EB-BA21-4E30-BB49-3811E361F44D}"
EndProject
Global
	GlobalSection(SolutionConfigurationPlatforms) = preSolution
		Debug|Any CPU = Debug|Any CPU
		Release|Any CPU = Release|Any CPU
	EndGlobalSection
	GlobalSection(ProjectConfigurationPlatforms) = postSolution
		{D52E34EB-BA21-4E30-BB49-3811E361F44D}.Debug|Any CPU.ActiveCfg = Debug|Any CPU
		{D52E34EB-BA21-4E30-BB49-3811E361F44D}.Debug|Any CPU.Build.0 = Debug|Any CPU
		{D52E34EB-BA21-4E30-BB49-3811E361F44D}.Release|Any CPU.ActiveCfg = Release|Any CPU
		{D52E34EB-BA21-4E30-BB49-3811E361F44D}.Release|Any CPU.Build.0 = Release|Any CPU
	EndGlobalSection
	GlobalSection(SolutionProperties) = preSolution
		HideSolutionNode = FALSE
	EndGlobalSection
	GlobalSection(ExtensibilityGlobals) = postSolution
		SolutionGuid = {2A1DE503-6DBF-4285-A078-5781E1F7BA4F}
	EndGlobalSection
EndGlobal
